<Project xmlns="http://schemas.microsoft.com/developer/msbuild/2003">
    <PropertyGroup>
        <ProjectGuid>{cb5d2dc4-d58b-40d6-b396-f07630c3be82}</ProjectGuid>
        <ProjectVersion>18.2</ProjectVersion>
        <FrameworkType>VCL</FrameworkType>
        <MainSource>sanhe.dpr</MainSource>
        <Base>True</Base>
        <Config Condition="'$(Config)'==''">Debug</Config>
        <Platform Condition="'$(Platform)'==''">Win32</Platform>
        <TargetedPlatforms>3</TargetedPlatforms>
        <AppType>Application</AppType>
    </PropertyGroup>
    <PropertyGroup Condition="'$(Config)'=='Base' or '$(Base)'!=''">
        <Base>true</Base>
    </PropertyGroup>
    <PropertyGroup Condition="('$(Platform)'=='Win32' and '$(Base)'=='true') or '$(Base_Win32)'!=''">
        <Base_Win32>true</Base_Win32>
        <CfgParent>Base</CfgParent>
        <Base>true</Base>
    </PropertyGroup>
    <PropertyGroup Condition="('$(Platform)'=='Win64' and '$(Base)'=='true') or '$(Base_Win64)'!=''">
        <Base_Win64>true</Base_Win64>
        <CfgParent>Base</CfgParent>
        <Base>true</Base>
    </PropertyGroup>
    <PropertyGroup Condition="'$(Config)'=='Debug' or '$(Cfg_1)'!=''">
        <Cfg_1>true</Cfg_1>
        <CfgParent>Base</CfgParent>
        <Base>true</Base>
    </PropertyGroup>
    <PropertyGroup Condition="('$(Platform)'=='Win32' and '$(Cfg_1)'=='true') or '$(Cfg_1_Win32)'!=''">
        <Cfg_1_Win32>true</Cfg_1_Win32>
        <CfgParent>Cfg_1</CfgParent>
        <Cfg_1>true</Cfg_1>
        <Base>true</Base>
    </PropertyGroup>
    <PropertyGroup Condition="('$(Platform)'=='Win64' and '$(Cfg_1)'=='true') or '$(Cfg_1_Win64)'!=''">
        <Cfg_1_Win64>true</Cfg_1_Win64>
        <CfgParent>Cfg_1</CfgParent>
        <Cfg_1>true</Cfg_1>
        <Base>true</Base>
    </PropertyGroup>
    <PropertyGroup Condition="'$(Config)'=='Release' or '$(Cfg_2)'!=''">
        <Cfg_2>true</Cfg_2>
        <CfgParent>Base</CfgParent>
        <Base>true</Base>
    </PropertyGroup>
    <PropertyGroup Condition="('$(Platform)'=='Win32' and '$(Cfg_2)'=='true') or '$(Cfg_2_Win32)'!=''">
        <Cfg_2_Win32>true</Cfg_2_Win32>
        <CfgParent>Cfg_2</CfgParent>
        <Cfg_2>true</Cfg_2>
        <Base>true</Base>
    </PropertyGroup>
    <PropertyGroup Condition="('$(Platform)'=='Win64' and '$(Cfg_2)'=='true') or '$(Cfg_2_Win64)'!=''">
        <Cfg_2_Win64>true</Cfg_2_Win64>
        <CfgParent>Cfg_2</CfgParent>
        <Cfg_2>true</Cfg_2>
        <Base>true</Base>
    </PropertyGroup>
    <PropertyGroup Condition="'$(Base)'!=''">
        <SanitizedProjectName>sanhe</SanitizedProjectName>
        <Manifest_File>None</Manifest_File>
        <VerInfo_Keys>CompanyName=;FileDescription=;FileVersion=1.0.0.0;InternalName=;LegalCopyright=;LegalTrademarks=;OriginalFilename=;ProductName=;ProductVersion=1.0.0.0;Comments=</VerInfo_Keys>
        <VerInfo_Locale>1033</VerInfo_Locale>
        <Icon_MainIcon>$(BDS)\bin\delphi_PROJECTICON.ico</Icon_MainIcon>
        <DCC_Namespace>System;Xml;Data;Datasnap;Web;Soap;Vcl;Vcl.Imaging;Vcl.Touch;Vcl.Samples;Vcl.Shell;Winapi;System.Win;Data.Win;Datasnap.Win;Web.Win;Soap.Win;Xml.Win;Bde;$(DCC_Namespace)</DCC_Namespace>
        <DCC_DcuOutput>.\$(Platform)\$(Config)</DCC_DcuOutput>
        <DCC_ExeOutput>.\$(Platform)\$(Config)</DCC_ExeOutput>
    </PropertyGroup>
    <PropertyGroup Condition="'$(Base_Win32)'!=''">
        <AppEnableRuntimeThemes>true</AppEnableRuntimeThemes>
        <UWP_DelphiLogo44>$(BDS)\bin\Artwork\Windows\UWP\delphi_UwpDefault_44.png</UWP_DelphiLogo44>
        <UWP_DelphiLogo150>$(BDS)\bin\Artwork\Windows\UWP\delphi_UwpDefault_150.png</UWP_DelphiLogo150>
        <Manifest_File>$(BDS)\bin\default_app.manifest</Manifest_File>
    </PropertyGroup>
    <PropertyGroup Condition="'$(Base_Win64)'!=''">
        <AppEnableRuntimeThemes>true</AppEnableRuntimeThemes>
        <UWP_DelphiLogo44>$(BDS)\bin\Artwork\Windows\UWP\delphi_UwpDefault_44.png</UWP_DelphiLogo44>
        <UWP_DelphiLogo150>$(BDS)\bin\Artwork\Windows\UWP\delphi_UwpDefault_150.png</UWP_DelphiLogo150>
        <Manifest_File>$(BDS)\bin\default_app.manifest</Manifest_File>
    </PropertyGroup>
    <PropertyGroup Condition="'$(Cfg_1)'!=''">
        <DCC_Define>DEBUG;$(DCC_Define)</DCC_Define>
        <DCC_DebugDCUs>true</DCC_DebugDCUs>
        <DCC_Optimize>false</DCC_Optimize>
        <DCC_GenerateStackFrames>true</DCC_GenerateStackFrames>
        <DCC_DebugInfoInExe>true</DCC_DebugInfoInExe>
        <DCC_RemoteDebug>true</DCC_RemoteDebug>
    </PropertyGroup>
    <PropertyGroup Condition="'$(Cfg_1_Win32)'!=''">
        <AppEnableRuntimeThemes>true</AppEnableRuntimeThemes>
        <BT_BuildType>Debug</BT_BuildType>
        <Manifest_File>$(BDS)\bin\default_app.manifest</Manifest_File>
        <DCC_RemoteDebug>false</DCC_RemoteDebug>
    </PropertyGroup>
    <PropertyGroup Condition="'$(Cfg_1_Win64)'!=''">
        <BT_BuildType>Debug</BT_BuildType>
        <AppEnableRuntimeThemes>true</AppEnableRuntimeThemes>
        <VerInfo_IncludeVerInfo>true</VerInfo_IncludeVerInfo>
        <VerInfo_Locale>1033</VerInfo_Locale>
        <Manifest_File>$(BDS)\bin\default_app.manifest</Manifest_File>
    </PropertyGroup>
    <PropertyGroup Condition="'$(Cfg_2)'!=''">
        <DCC_LocalDebugSymbols>false</DCC_LocalDebugSymbols>
        <DCC_Define>RELEASE;$(DCC_Define)</DCC_Define>
        <DCC_SymbolReferenceInfo>0</DCC_SymbolReferenceInfo>
        <DCC_DebugInformation>0</DCC_DebugInformation>
    </PropertyGroup>
    <PropertyGroup Condition="'$(Cfg_2_Win32)'!=''">
        <AppEnableRuntimeThemes>true</AppEnableRuntimeThemes>
        <Manifest_File>$(BDS)\bin\default_app.manifest</Manifest_File>
    </PropertyGroup>
    <PropertyGroup Condition="'$(Cfg_2_Win64)'!=''">
        <AppEnableRuntimeThemes>true</AppEnableRuntimeThemes>
        <Manifest_File>$(BDS)\bin\default_app.manifest</Manifest_File>
    </PropertyGroup>
    <ItemGroup>
        <DelphiCompile Include="$(MainSource)">
            <MainSource>MainSource</MainSource>
        </DelphiCompile>
        <DCCReference Include="fClientForm.pas">
            <Form>ClientForm</Form>
        </DCCReference>
        <DCCReference Include="fLogOnForm.pas">
            <Form>LoginForm</Form>
        </DCCReference>
        <DCCReference Include="duPubP.pas">
            <Form>duPub</Form>
            <DesignClass>TDAClientDataModule</DesignClass>
        </DCCReference>
        <DCCReference Include="sanhe_Intf.pas"/>
        <DCCReference Include="sanhe_ServerAccess.pas">
            <Form>ServerAccess_sanhe</Form>
            <FormType>dfm</FormType>
            <DesignClass>TDataModule</DesignClass>
        </DCCReference>
        <DCCReference Include="fLoginP.pas">
            <Form>fLogin</Form>
            <FormType>dfm</FormType>
        </DCCReference>
        <DCCReference Include="Fbase1P.pas">
            <Form>fbase1</Form>
            <FormType>dfm</FormType>
        </DCCReference>
        <DCCReference Include="productManager\fPartnerP.pas">
            <Form>fPartner</Form>
            <FormType>dfm</FormType>
        </DCCReference>
        <DCCReference Include="fMainP.pas">
            <Form>fMain</Form>
            <FormType>dfm</FormType>
        </DCCReference>
        <DCCReference Include="productManager\fPartnerDetailP.pas">
            <Form>fPartnerDetail</Form>
            <FormType>dfm</FormType>
        </DCCReference>
        <DCCReference Include="productManager\fPartnerAddP.pas">
            <Form>fPartnerAdd</Form>
            <FormType>dfm</FormType>
        </DCCReference>
        <DCCReference Include="productManager\fPartnerEditP.pas">
            <Form>fPartnerEdit</Form>
            <FormType>dfm</FormType>
        </DCCReference>
        <DCCReference Include="baseManager\fBA_SetKindP.pas">
            <Form>fBA_SetKind</Form>
            <FormType>dfm</FormType>
        </DCCReference>
        <DCCReference Include="baseManager\fBA_CompanyP.pas">
            <Form>fBA_Company</Form>
            <FormType>dfm</FormType>
        </DCCReference>
        <DCCReference Include="baseManager\fBA_LocationP.pas">
            <Form>fBA_Location</Form>
            <FormType>dfm</FormType>
        </DCCReference>
        <DCCReference Include="productManager\fPR_ProductInfoP.pas">
            <Form>fPR_ProductInfo</Form>
            <FormType>dfm</FormType>
        </DCCReference>
        <DCCReference Include="productManager\fPR_ProductAddP.pas">
            <Form>fPR_ProductAdd</Form>
            <FormType>dfm</FormType>
        </DCCReference>
        <DCCReference Include="productManager\fPR_ProductEditP.pas">
            <Form>fPR_ProductEdit</Form>
            <FormType>dfm</FormType>
        </DCCReference>
        <DCCReference Include="productManager\fPR_ProductDetailP.pas">
            <Form>fPR_ProductDetail</Form>
            <FormType>dfm</FormType>
        </DCCReference>
        <DCCReference Include="purchaseManager\fPU_OrderP.pas">
            <Form>fPU_Order</Form>
            <FormType>dfm</FormType>
        </DCCReference>
        <DCCReference Include="purchaseManager\fPU_OrderAddP.pas">
            <Form>fPU_OrderAdd</Form>
            <FormType>dfm</FormType>
        </DCCReference>
        <DCCReference Include="fProductListP.pas">
            <Form>fProductList</Form>
            <FormType>dfm</FormType>
        </DCCReference>
        <DCCReference Include="baseManager\fBA_UserP.pas">
            <Form>fBA_User</Form>
            <FormType>dfm</FormType>
        </DCCReference>
        <DCCReference Include="baseManager\fBA_UserAddP.pas">
            <Form>fBA_UserAdd</Form>
            <FormType>dfm</FormType>
        </DCCReference>
        <DCCReference Include="purchaseManager\fPU_OrderDetailP.pas">
            <Form>fPU_OrderDetail</Form>
            <FormType>dfm</FormType>
        </DCCReference>
        <DCCReference Include="purchaseManager\fPU_OrderEditP.pas">
            <Form>fPU_OrderEdit</Form>
            <FormType>dfm</FormType>
        </DCCReference>
        <DCCReference Include="systemManager\fSY_UserManagerP.pas">
            <Form>fSY_UserManager</Form>
            <FormType>dfm</FormType>
        </DCCReference>
        <DCCReference Include="purchaseManager\fPU_OrderInP.pas">
            <Form>fPU_OrderIn</Form>
            <FormType>dfm</FormType>
        </DCCReference>
        <DCCReference Include="purchaseManager\fPU_OrderInAddP.pas">
            <Form>fPU_OrderInAdd</Form>
            <FormType>dfm</FormType>
        </DCCReference>
        <DCCReference Include="purchaseManager\fPU_OrderInListP.pas">
            <Form>fPU_OrderInList</Form>
            <FormType>dfm</FormType>
        </DCCReference>
        <DCCReference Include="purchaseManager\fPU_OrderInDetailP.pas">
            <Form>fPU_OrderInDetail</Form>
            <FormType>dfm</FormType>
        </DCCReference>
        <DCCReference Include="purchaseManager\fPU_OrderPayP.pas">
            <Form>fPU_OrderPay</Form>
            <FormType>dfm</FormType>
        </DCCReference>
        <DCCReference Include="purchaseManager\fPU_OrderPayAddP.pas">
            <Form>fPU_OrderPayAdd</Form>
            <FormType>dfm</FormType>
        </DCCReference>
        <DCCReference Include="purchaseManager\fPU_OrderPayListP.pas">
            <Form>fPU_OrderPayList</Form>
            <FormType>dfm</FormType>
        </DCCReference>
        <DCCReference Include="purchaseManager\fPU_OrderPayDetailP.pas">
            <Form>fPU_OrderPayDetail</Form>
            <FormType>dfm</FormType>
        </DCCReference>
        <DCCReference Include="stoageManager\fST_StoageProductP.pas">
            <Form>fST_StoageProduct</Form>
            <FormType>dfm</FormType>
        </DCCReference>
        <DCCReference Include="purchaseManager\fPU_OrderBackP.pas">
            <Form>fPU_OrderBack</Form>
            <FormType>dfm</FormType>
        </DCCReference>
        <DCCReference Include="purchaseManager\fPU_OrderBackDetailP.pas">
            <Form>fPU_OrderBackDetail</Form>
            <FormType>dfm</FormType>
        </DCCReference>
        <DCCReference Include="systemManager\FSY_UserManager_UserP.pas">
            <Form>FSY_UserManager_User</Form>
            <FormType>dfm</FormType>
        </DCCReference>
        <DCCReference Include="stoageManager\fST_StoageCheckP.pas">
            <Form>fST_StoageCheck</Form>
            <FormType>dfm</FormType>
        </DCCReference>
        <DCCReference Include="stoageManager\fST_StoageProductDetailP.pas">
            <Form>fST_StoageProductDetail</Form>
            <FormType>dfm</FormType>
        </DCCReference>
        <DCCReference Include="stoageManager\fST_StoageCheckDetailP.pas">
            <Form>fST_StoageCheckDetail</Form>
            <FormType>dfm</FormType>
        </DCCReference>
        <DCCReference Include="saleManager\fSE_OrderP.pas">
            <Form>fSE_Order</Form>
            <FormType>dfm</FormType>
        </DCCReference>
        <DCCReference Include="saleManager\fSE_OrderAddP.pas">
            <Form>fSE_OrderAdd</Form>
            <FormType>dfm</FormType>
        </DCCReference>
        <DCCReference Include="saleManager\fSE_ProductListP.pas">
            <Form>fSE_ProductList</Form>
            <FormType>dfm</FormType>
        </DCCReference>
        <DCCReference Include="saleManager\fSE_OrderAddDetailP.pas">
            <Form>fSE_OrderAddDetail</Form>
            <FormType>dfm</FormType>
        </DCCReference>
        <DCCReference Include="saleManager\fSE_OrderAddEditP.pas">
            <Form>fSE_OrderAddEdit</Form>
            <FormType>dfm</FormType>
        </DCCReference>
        <DCCReference Include="productionPlanManager\fPR_PlanP.pas">
            <Form>fPR_Plan</Form>
            <FormType>dfm</FormType>
        </DCCReference>
        <DCCReference Include="productionPlanManager\fPR_PlanAddP.pas">
            <Form>fPR_PlanAdd</Form>
            <FormType>dfm</FormType>
        </DCCReference>
        <DCCReference Include="productionPlanManager\FPR_PlanListP.pas">
            <Form>FPR_PlanList</Form>
            <FormType>dfm</FormType>
        </DCCReference>
        <DCCReference Include="stoageManager\fST_StorageStatementP.pas">
            <Form>fST_StorageStatement</Form>
            <FormType>dfm</FormType>
        </DCCReference>
        <DCCReference Include="stoageManager\fST_StorageStatementDetailP.pas">
            <Form>fST_StorageStatementDetail</Form>
            <FormType>dfm</FormType>
        </DCCReference>
        <DCCReference Include="productionPlanManager\fPR_ProductStructureP.pas">
            <Form>fPR_ProductStructure</Form>
            <FormType>dfm</FormType>
        </DCCReference>
        <DCCReference Include="stoageManager\fST_StoageInP.pas">
            <Form>fST_StoageIn</Form>
            <FormType>dfm</FormType>
        </DCCReference>
        <DCCReference Include="stoageManager\fST_StoageInDetailP.pas">
            <Form>fST_StoageInDetail</Form>
            <FormType>dfm</FormType>
        </DCCReference>
        <DCCReference Include="stoageManager\fST_StoageOutP.pas">
            <Form>fST_StoageOut</Form>
            <FormType>dfm</FormType>
        </DCCReference>
        <DCCReference Include="stoageManager\fST_StoageOutDetailP.pas">
            <Form>fST_StoageOutDetail</Form>
            <FormType>dfm</FormType>
        </DCCReference>
        <DCCReference Include="productionPlanManager\fPR_ProductStructureAddP.pas">
            <Form>fPR_ProductStructureAdd</Form>
            <FormType>dfm</FormType>
        </DCCReference>
        <DCCReference Include="productionPlanManager\fPR_ProductListP.pas">
            <Form>fPR_ProductList</Form>
            <FormType>dfm</FormType>
        </DCCReference>
        <DCCReference Include="productionPlanManager\fPR_ProductStructureDetailP.pas">
            <Form>fPR_ProductStructureDetail</Form>
            <FormType>dfm</FormType>
        </DCCReference>
        <DCCReference Include="productionPlanManager\fPR_ProductStructureListP.pas">
            <Form>fPR_ProductStructureList</Form>
            <FormType>dfm</FormType>
        </DCCReference>
        <DCCReference Include="productionPlanManager\fSE_OrderAddListP.pas">
            <Form>fSE_OrderAddList</Form>
            <FormType>dfm</FormType>
        </DCCReference>
        <DCCReference Include="purchaseManager\fPU_OrderDtListP.pas">
            <Form>fPU_OrderDtList</Form>
            <FormType>dfm</FormType>
        </DCCReference>
        <DCCReference Include="productionPlanManager\fPR_PickingListP.pas">
            <Form>fPR_PickingList</Form>
            <FormType>dfm</FormType>
        </DCCReference>
        <DCCReference Include="productionPlanManager\fPR_PickingListAddP.pas">
            <Form>fPR_PickingListAdd</Form>
            <FormType>dfm</FormType>
        </DCCReference>
        <DCCReference Include="productionPlanManager\fPR_PickingListAllP.pas">
            <Form>fPR_PickingListAll</Form>
            <FormType>dfm</FormType>
        </DCCReference>
        <DCCReference Include="productionPlanManager\fPR_PickingListDetailP.pas">
            <Form>fPR_PickingListDetail</Form>
            <FormType>dfm</FormType>
        </DCCReference>
        <DCCReference Include="baseManager\fBA_PartsListP.pas">
            <Form>fBA_PartsList</Form>
            <FormType>dfm</FormType>
        </DCCReference>
        <DCCReference Include="productionPlanManager\fPR_WorkOrderP.pas">
            <Form>fPR_WorkOrder</Form>
            <FormType>dfm</FormType>
        </DCCReference>
        <DCCReference Include="productionPlanManager\fPR_WorkOrderAddP.pas">
            <Form>fPR_WorkOrderAdd</Form>
            <FormType>dfm</FormType>
        </DCCReference>
        <DCCReference Include="browserfolderu.pas">
            <Form>Form1</Form>
            <FormType>dfm</FormType>
        </DCCReference>
        <DCCReference Include="productionPlanManager\fPR_VersionOrderP.pas">
            <Form>fPR_VersionOrder</Form>
            <FormType>dfm</FormType>
        </DCCReference>
        <DCCReference Include="productionPlanManager\fPR_VersionOrderAddP.pas">
            <Form>fPR_VersionOrderAdd</Form>
            <FormType>dfm</FormType>
        </DCCReference>
        <DCCReference Include="productionPlanManager\fPR_WorkOrderDetailP.pas">
            <Form>fPR_WorkOrderDetail</Form>
            <FormType>dfm</FormType>
        </DCCReference>
        <None Include="sanhe.remoteRODL"/>
        <BuildConfiguration Include="Release">
            <Key>Cfg_2</Key>
            <CfgParent>Base</CfgParent>
        </BuildConfiguration>
        <BuildConfiguration Include="Base">
            <Key>Base</Key>
        </BuildConfiguration>
        <BuildConfiguration Include="Debug">
            <Key>Cfg_1</Key>
            <CfgParent>Base</CfgParent>
        </BuildConfiguration>
    </ItemGroup>
    <ProjectExtensions>
        <Borland.Personality>Delphi.Personality.12</Borland.Personality>
        <Borland.ProjectType/>
        <BorlandProject>
            <Delphi.Personality>
                <VersionInfo>
                    <VersionInfo Name="IncludeVerInfo">False</VersionInfo>
                    <VersionInfo Name="AutoIncBuild">False</VersionInfo>
                    <VersionInfo Name="MajorVer">1</VersionInfo>
                    <VersionInfo Name="MinorVer">0</VersionInfo>
                    <VersionInfo Name="Release">0</VersionInfo>
                    <VersionInfo Name="Build">0</VersionInfo>
                    <VersionInfo Name="Debug">False</VersionInfo>
                    <VersionInfo Name="PreRelease">False</VersionInfo>
                    <VersionInfo Name="Special">False</VersionInfo>
                    <VersionInfo Name="Private">False</VersionInfo>
                    <VersionInfo Name="DLL">False</VersionInfo>
                    <VersionInfo Name="Locale">1033</VersionInfo>
                    <VersionInfo Name="CodePage">1252</VersionInfo>
                </VersionInfo>
                <VersionInfoKeys>
                    <VersionInfoKeys Name="CompanyName"/>
                    <VersionInfoKeys Name="FileDescription"/>
                    <VersionInfoKeys Name="FileVersion">1.0.0.0</VersionInfoKeys>
                    <VersionInfoKeys Name="InternalName"/>
                    <VersionInfoKeys Name="LegalCopyright"/>
                    <VersionInfoKeys Name="LegalTrademarks"/>
                    <VersionInfoKeys Name="OriginalFilename"/>
                    <VersionInfoKeys Name="ProductName"/>
                    <VersionInfoKeys Name="ProductVersion">1.0.0.0</VersionInfoKeys>
                    <VersionInfoKeys Name="Comments"/>
                    <VersionInfoKeys Name="CFBundleName"/>
                    <VersionInfoKeys Name="CFBundleDisplayName"/>
                    <VersionInfoKeys Name="UIDeviceFamily"/>
                    <VersionInfoKeys Name="CFBundleIdentifier"/>
                    <VersionInfoKeys Name="CFBundleVersion"/>
                    <VersionInfoKeys Name="CFBundlePackageType"/>
                    <VersionInfoKeys Name="CFBundleSignature"/>
                    <VersionInfoKeys Name="CFBundleAllowMixedLocalizations"/>
                    <VersionInfoKeys Name="UISupportedInterfaceOrientations"/>
                    <VersionInfoKeys Name="CFBundleExecutable"/>
                    <VersionInfoKeys Name="CFBundleResourceSpecification"/>
                    <VersionInfoKeys Name="LSRequiresIPhoneOS"/>
                    <VersionInfoKeys Name="CFBundleInfoDictionaryVersion"/>
                    <VersionInfoKeys Name="CFBundleDevelopmentRegion"/>
                </VersionInfoKeys>
                <Source>
                    <Source Name="MainSource">sanhe.dpr</Source>
                </Source>
            </Delphi.Personality>
            <Deployment Version="3">
                <DeployFile LocalName="sanhe.remoteRODL" Configuration="Debug" Class="ProjectFile">
                    <Platform Name="Win32">
                        <RemoteDir>.\</RemoteDir>
                        <Overwrite>true</Overwrite>
                    </Platform>
                </DeployFile>
                <DeployFile LocalName="Win32\Debug\sanhe.exe" Configuration="Debug" Class="ProjectOutput">
                    <Platform Name="Win32">
                        <RemoteName>sanhe.exe</RemoteName>
                        <Overwrite>true</Overwrite>
                    </Platform>
                </DeployFile>
                <DeployClass Name="ProjectiOSDeviceResourceRules">
                    <Platform Name="iOSDevice64">
                        <Operation>1</Operation>
                    </Platform>
                    <Platform Name="iOSDevice32">
                        <Operation>1</Operation>
                    </Platform>
                </DeployClass>
                <DeployClass Name="ProjectOSXResource">
                    <Platform Name="OSX32">
                        <RemoteDir>Contents\Resources</RemoteDir>
                        <Operation>1</Operation>
                    </Platform>
                </DeployClass>
                <DeployClass Name="AndroidClassesDexFile">
                    <Platform Name="Android">
                        <RemoteDir>classes</RemoteDir>
                        <Operation>1</Operation>
                    </Platform>
                </DeployClass>
                <DeployClass Name="AdditionalDebugSymbols">
                    <Platform Name="Win32">
                        <RemoteDir>Contents\MacOS</RemoteDir>
                        <Operation>0</Operation>
                    </Platform>
                    <Platform Name="iOSSimulator">
                        <Operation>1</Operation>
                    </Platform>
                    <Platform Name="OSX32">
                        <RemoteDir>Contents\MacOS</RemoteDir>
                        <Operation>1</Operation>
                    </Platform>
                </DeployClass>
                <DeployClass Name="iPad_Launch768">
                    <Platform Name="iOSSimulator">
                        <Operation>1</Operation>
                    </Platform>
                    <Platform Name="iOSDevice64">
                        <Operation>1</Operation>
                    </Platform>
                    <Platform Name="iOSDevice32">
                        <Operation>1</Operation>
                    </Platform>
                </DeployClass>
                <DeployClass Name="Android_LauncherIcon144">
                    <Platform Name="Android">
                        <RemoteDir>res\drawable-xxhdpi</RemoteDir>
                        <Operation>1</Operation>
                    </Platform>
                </DeployClass>
                <DeployClass Name="AndroidLibnativeMipsFile">
                    <Platform Name="Android">
                        <RemoteDir>library\lib\mips</RemoteDir>
                        <Operation>1</Operation>
                    </Platform>
                </DeployClass>
                <DeployClass Required="true" Name="ProjectOutput">
                    <Platform Name="iOSDevice64">
                        <Operation>1</Operation>
                    </Platform>
                    <Platform Name="iOSDevice32">
                        <Operation>1</Operation>
                    </Platform>
                    <Platform Name="Win32">
                        <Operation>0</Operation>
                    </Platform>
                    <Platform Name="Linux64">
                        <Operation>1</Operation>
                    </Platform>
                    <Platform Name="OSX32">
                        <RemoteDir>Contents\MacOS</RemoteDir>
                        <Operation>1</Operation>
                    </Platform>
                    <Platform Name="Android">
                        <RemoteDir>library\lib\armeabi-v7a</RemoteDir>
                        <Operation>1</Operation>
                    </Platform>
                    <Platform Name="iOSSimulator">
                        <Operation>1</Operation>
                    </Platform>
                </DeployClass>
                <DeployClass Name="DependencyFramework">
                    <Platform Name="Win32">
                        <Operation>0</Operation>
                    </Platform>
                    <Platform Name="OSX32">
                        <RemoteDir>Contents\MacOS</RemoteDir>
                        <Operation>1</Operation>
                        <Extensions>.framework</Extensions>
                    </Platform>
                </DeployClass>
                <DeployClass Name="ProjectUWPManifest">
                    <Platform Name="Win32">
                        <Operation>1</Operation>
                    </Platform>
                    <Platform Name="Win64">
                        <Operation>1</Operation>
                    </Platform>
                </DeployClass>
                <DeployClass Name="iPhone_Launch640">
                    <Platform Name="iOSSimulator">
                        <Operation>1</Operation>
                    </Platform>
                    <Platform Name="iOSDevice64">
                        <Operation>1</Operation>
                    </Platform>
                    <Platform Name="iOSDevice32">
                        <Operation>1</Operation>
                    </Platform>
                </DeployClass>
                <DeployClass Name="iPad_Launch1024">
                    <Platform Name="iOSSimulator">
                        <Operation>1</Operation>
                    </Platform>
                    <Platform Name="iOSDevice64">
                        <Operation>1</Operation>
                    </Platform>
                    <Platform Name="iOSDevice32">
                        <Operation>1</Operation>
                    </Platform>
                </DeployClass>
                <DeployClass Name="ProjectiOSDeviceDebug">
                    <Platform Name="iOSDevice64">
                        <RemoteDir>..\$(PROJECTNAME).app.dSYM\Contents\Resources\DWARF</RemoteDir>
                        <Operation>1</Operation>
                    </Platform>
                    <Platform Name="iOSDevice32">
                        <RemoteDir>..\$(PROJECTNAME).app.dSYM\Contents\Resources\DWARF</RemoteDir>
                        <Operation>1</Operation>
                    </Platform>
                </DeployClass>
                <DeployClass Name="iPhone_Launch320">
                    <Platform Name="iOSSimulator">
                        <Operation>1</Operation>
                    </Platform>
                    <Platform Name="iOSDevice64">
                        <Operation>1</Operation>
                    </Platform>
                    <Platform Name="iOSDevice32">
                        <Operation>1</Operation>
                    </Platform>
                </DeployClass>
                <DeployClass Name="ProjectiOSInfoPList">
                    <Platform Name="iOSSimulator">
                        <Operation>1</Operation>
                    </Platform>
                    <Platform Name="iOSDevice64">
                        <Operation>1</Operation>
                    </Platform>
                    <Platform Name="iOSDevice32">
                        <Operation>1</Operation>
                    </Platform>
                </DeployClass>
                <DeployClass Name="AndroidLibnativeArmeabiFile">
                    <Platform Name="Android">
                        <RemoteDir>library\lib\armeabi</RemoteDir>
                        <Operation>1</Operation>
                    </Platform>
                </DeployClass>
                <DeployClass Name="DebugSymbols">
                    <Platform Name="Win32">
                        <Operation>0</Operation>
                    </Platform>
                    <Platform Name="iOSSimulator">
                        <Operation>1</Operation>
                    </Platform>
                    <Platform Name="OSX32">
                        <RemoteDir>Contents\MacOS</RemoteDir>
                        <Operation>1</Operation>
                    </Platform>
                </DeployClass>
                <DeployClass Name="iPad_Launch1536">
                    <Platform Name="iOSSimulator">
                        <Operation>1</Operation>
                    </Platform>
                    <Platform Name="iOSDevice64">
                        <Operation>1</Operation>
                    </Platform>
                    <Platform Name="iOSDevice32">
                        <Operation>1</Operation>
                    </Platform>
                </DeployClass>
                <DeployClass Name="Android_SplashImage470">
                    <Platform Name="Android">
                        <RemoteDir>res\drawable-normal</RemoteDir>
                        <Operation>1</Operation>
                    </Platform>
                </DeployClass>
                <DeployClass Name="Android_LauncherIcon96">
                    <Platform Name="Android">
                        <RemoteDir>res\drawable-xhdpi</RemoteDir>
                        <Operation>1</Operation>
                    </Platform>
                </DeployClass>
                <DeployClass Name="Android_SplashImage640">
                    <Platform Name="Android">
                        <RemoteDir>res\drawable-large</RemoteDir>
                        <Operation>1</Operation>
                    </Platform>
                </DeployClass>
                <DeployClass Name="iPhone_Launch640x1136">
                    <Platform Name="iOSSimulator">
                        <Operation>1</Operation>
                    </Platform>
                    <Platform Name="iOSDevice64">
                        <Operation>1</Operation>
                    </Platform>
                    <Platform Name="iOSDevice32">
                        <Operation>1</Operation>
                    </Platform>
                </DeployClass>
                <DeployClass Name="UWP_DelphiLogo44">
                    <Platform Name="Win32">
                        <RemoteDir>Assets</RemoteDir>
                        <Operation>1</Operation>
                    </Platform>
                    <Platform Name="Win64">
                        <RemoteDir>Assets</RemoteDir>
                        <Operation>1</Operation>
                    </Platform>
                </DeployClass>
                <DeployClass Name="ProjectiOSEntitlements">
                    <Platform Name="iOSDevice64">
                        <RemoteDir>..\</RemoteDir>
                        <Operation>1</Operation>
                    </Platform>
                    <Platform Name="iOSDevice32">
                        <RemoteDir>..\</RemoteDir>
                        <Operation>1</Operation>
                    </Platform>
                </DeployClass>
                <DeployClass Name="Android_LauncherIcon72">
                    <Platform Name="Android">
                        <RemoteDir>res\drawable-hdpi</RemoteDir>
                        <Operation>1</Operation>
                    </Platform>
                </DeployClass>
                <DeployClass Name="AndroidGDBServer">
                    <Platform Name="Android">
                        <RemoteDir>library\lib\armeabi-v7a</RemoteDir>
                        <Operation>1</Operation>
                    </Platform>
                </DeployClass>
                <DeployClass Name="ProjectOSXInfoPList">
                    <Platform Name="OSX32">
                        <RemoteDir>Contents</RemoteDir>
                        <Operation>1</Operation>
                    </Platform>
                </DeployClass>
                <DeployClass Name="ProjectOSXEntitlements">
                    <Platform Name="OSX32">
                        <RemoteDir>..\</RemoteDir>
                        <Operation>1</Operation>
                    </Platform>
                </DeployClass>
                <DeployClass Name="UWP_DelphiLogo150">
                    <Platform Name="Win32">
                        <RemoteDir>Assets</RemoteDir>
                        <Operation>1</Operation>
                    </Platform>
                    <Platform Name="Win64">
                        <RemoteDir>Assets</RemoteDir>
                        <Operation>1</Operation>
                    </Platform>
                </DeployClass>
                <DeployClass Name="iPad_Launch2048">
                    <Platform Name="iOSSimulator">
                        <Operation>1</Operation>
                    </Platform>
                    <Platform Name="iOSDevice64">
                        <Operation>1</Operation>
                    </Platform>
                    <Platform Name="iOSDevice32">
                        <Operation>1</Operation>
                    </Platform>
                </DeployClass>
                <DeployClass Name="AndroidSplashStyles">
                    <Platform Name="Android">
                        <RemoteDir>res\values</RemoteDir>
                        <Operation>1</Operation>
                    </Platform>
                </DeployClass>
                <DeployClass Name="Android_SplashImage426">
                    <Platform Name="Android">
                        <RemoteDir>res\drawable-small</RemoteDir>
                        <Operation>1</Operation>
                    </Platform>
                </DeployClass>
                <DeployClass Name="AndroidSplashImageDef">
                    <Platform Name="Android">
                        <RemoteDir>res\drawable</RemoteDir>
                        <Operation>1</Operation>
                    </Platform>
                </DeployClass>
                <DeployClass Name="ProjectiOSResource">
                    <Platform Name="iOSSimulator">
                        <Operation>1</Operation>
                    </Platform>
                    <Platform Name="iOSDevice64">
                        <Operation>1</Operation>
                    </Platform>
                    <Platform Name="iOSDevice32">
                        <Operation>1</Operation>
                    </Platform>
                </DeployClass>
                <DeployClass Name="ProjectAndroidManifest">
                    <Platform Name="Android">
                        <Operation>1</Operation>
                    </Platform>
                </DeployClass>
                <DeployClass Name="Android_DefaultAppIcon">
                    <Platform Name="Android">
                        <RemoteDir>res\drawable</RemoteDir>
                        <Operation>1</Operation>
                    </Platform>
                </DeployClass>
                <DeployClass Name="File">
                    <Platform Name="Win32">
                        <Operation>0</Operation>
                    </Platform>
                    <Platform Name="iOSDevice64">
                        <Operation>0</Operation>
                    </Platform>
                    <Platform Name="OSX32">
                        <RemoteDir>Contents\Resources\StartUp\</RemoteDir>
                        <Operation>0</Operation>
                    </Platform>
                    <Platform Name="iOSDevice32">
                        <Operation>0</Operation>
                    </Platform>
                    <Platform Name="Android">
                        <Operation>0</Operation>
                    </Platform>
                    <Platform Name="iOSSimulator">
                        <Operation>0</Operation>
                    </Platform>
                </DeployClass>
                <DeployClass Name="AndroidServiceOutput">
                    <Platform Name="Android">
                        <RemoteDir>library\lib\armeabi-v7a</RemoteDir>
                        <Operation>1</Operation>
                    </Platform>
                </DeployClass>
                <DeployClass Required="true" Name="DependencyPackage">
                    <Platform Name="Win32">
                        <Operation>0</Operation>
                        <Extensions>.bpl</Extensions>
                    </Platform>
                    <Platform Name="iOSDevice64">
                        <Operation>1</Operation>
                        <Extensions>.dylib</Extensions>
                    </Platform>
                    <Platform Name="OSX32">
                        <RemoteDir>Contents\MacOS</RemoteDir>
                        <Operation>1</Operation>
                        <Extensions>.dylib</Extensions>
                    </Platform>
                    <Platform Name="iOSDevice32">
                        <Operation>1</Operation>
                        <Extensions>.dylib</Extensions>
                    </Platform>
                    <Platform Name="iOSSimulator">
                        <Operation>1</Operation>
                        <Extensions>.dylib</Extensions>
                    </Platform>
                </DeployClass>
                <DeployClass Name="Android_LauncherIcon48">
                    <Platform Name="Android">
                        <RemoteDir>res\drawable-mdpi</RemoteDir>
                        <Operation>1</Operation>
                    </Platform>
                </DeployClass>
                <DeployClass Name="Android_SplashImage960">
                    <Platform Name="Android">
                        <RemoteDir>res\drawable-xlarge</RemoteDir>
                        <Operation>1</Operation>
                    </Platform>
                </DeployClass>
                <DeployClass Name="Android_LauncherIcon36">
                    <Platform Name="Android">
                        <RemoteDir>res\drawable-ldpi</RemoteDir>
                        <Operation>1</Operation>
                    </Platform>
                </DeployClass>
                <DeployClass Name="DependencyModule">
                    <Platform Name="Win32">
                        <Operation>0</Operation>
                        <Extensions>.dll;.bpl</Extensions>
                    </Platform>
                    <Platform Name="iOSDevice64">
                        <Operation>1</Operation>
                        <Extensions>.dylib</Extensions>
                    </Platform>
                    <Platform Name="OSX32">
                        <RemoteDir>Contents\MacOS</RemoteDir>
                        <Operation>1</Operation>
                        <Extensions>.dylib</Extensions>
                    </Platform>
                    <Platform Name="iOSDevice32">
                        <Operation>1</Operation>
                        <Extensions>.dylib</Extensions>
                    </Platform>
                    <Platform Name="iOSSimulator">
                        <Operation>1</Operation>
                        <Extensions>.dylib</Extensions>
                    </Platform>
                </DeployClass>
                <ProjectRoot Platform="iOSDevice64" Name="$(PROJECTNAME).app"/>
                <ProjectRoot Platform="Win64" Name="$(PROJECTNAME)"/>
                <ProjectRoot Platform="iOSDevice32" Name="$(PROJECTNAME).app"/>
                <ProjectRoot Platform="Linux64" Name="$(PROJECTNAME)"/>
                <ProjectRoot Platform="Win32" Name="$(PROJECTNAME)"/>
                <ProjectRoot Platform="OSX32" Name="$(PROJECTNAME).app"/>
                <ProjectRoot Platform="Android" Name="$(PROJECTNAME)"/>
                <ProjectRoot Platform="iOSSimulator" Name="$(PROJECTNAME).app"/>
            </Deployment>
            <Platforms>
                <Platform value="Win32">True</Platform>
                <Platform value="Win64">True</Platform>
            </Platforms>
        </BorlandProject>
        <ProjectFileVersion>12</ProjectFileVersion>
    </ProjectExtensions>
    <Import Project="$(BDS)\Bin\CodeGear.Delphi.Targets" Condition="Exists('$(BDS)\Bin\CodeGear.Delphi.Targets')"/>
    <Import Project="$(APPDATA)\Embarcadero\$(BDSAPPDATABASEDIR)\$(PRODUCTVERSION)\UserTools.proj" Condition="Exists('$(APPDATA)\Embarcadero\$(BDSAPPDATABASEDIR)\$(PRODUCTVERSION)\UserTools.proj')"/>
    <Import Project="$(MSBuildProjectName).deployproj" Condition="Exists('$(MSBuildProjectName).deployproj')"/>
</Project>
